
Microsoft Visual Studio Solution File, Format Version 12.00
# Visual Studio Version 17
VisualStudioVersion = 17.5.33414.496
MinimumVisualStudioVersion = 10.0.40219.1
Project("{FAE04EC0-301F-11D3-BF4B-00C04F79EFBC}") = "TP_MOD6_1302210084", "TP_MOD6_1302210084\TP_MOD6_1302210084.csproj", "{A1D13DD0-7628-436C-9199-CC73F34579D3}"
EndProject
Global
	GlobalSection(SolutionConfigurationPlatforms) = preSolution
		Debug|Any CPU = Debug|Any CPU
		Release|Any CPU = Release|Any CPU
	EndGlobalSection
	GlobalSection(ProjectConfigurationPlatforms) = postSolution
		{A1D13DD0-7628-436C-9199-CC73F34579D3}.Debug|Any CPU.ActiveCfg = Debug|Any CPU
		{A1D13DD0-7628-436C-9199-CC73F34579D3}.Debug|Any CPU.Build.0 = Debug|Any CPU
		{A1D13DD0-7628-436C-9199-CC73F34579D3}.Release|Any CPU.ActiveCfg = Release|Any CPU
		{A1D13DD0-7628-436C-9199-CC73F34579D3}.Release|Any CPU.Build.0 = Release|Any CPU
	EndGlobalSection
	GlobalSection(SolutionProperties) = preSolution
		HideSolutionNode = FALSE
	EndGlobalSection
	GlobalSection(ExtensibilityGlobals) = postSolution
		SolutionGuid = {791C73F6-9F2B-4D64-A1F9-86582F64856C}
	EndGlobalSection
EndGlobal
